
Microsoft Visual Studio Solution File, Format Version 12.00
# Visual Studio Version 17
VisualStudioVersion = 17.0.31903.59
MinimumVisualStudioVersion = 10.0.40219.1
Project("{9A19103F-16F7-4668-BE54-9A1E7A4F7556}") = "Apro.Payment.PaypalApiClient", "PaypalApiClient\Apro.Payment.PaypalApiClient.csproj", "{D04D65AA-A2F9-4CD4-8B6A-ABBCA9D15918}"
EndProject
Project("{9A19103F-16F7-4668-BE54-9A1E7A4F7556}") = "Apro.Payment.PaypalApiClient.Example", "Apro.Payment.PaypalApiClient.Example\Apro.Payment.PaypalApiClient.Example.csproj", "{B2448DE0-F5EC-461E-9A64-7886A64C6994}"
EndProject
Project("{FAE04EC0-301F-11D3-BF4B-00C04F79EFBC}") = "Apro.Payments.PaypalApiClient.Tests", "Apro.Payments.PaypalApiClient.Tests\Apro.Payments.PaypalApiClient.Tests.csproj", "{372AFE61-E81F-483D-A653-79B5EA421B4A}"
EndProject
Global
	GlobalSection(SolutionConfigurationPlatforms) = preSolution
		Debug|Any CPU = Debug|Any CPU
		Release|Any CPU = Release|Any CPU
	EndGlobalSection
	GlobalSection(ProjectConfigurationPlatforms) = postSolution
		{D04D65AA-A2F9-4CD4-8B6A-ABBCA9D15918}.Debug|Any CPU.ActiveCfg = Debug|Any CPU
		{D04D65AA-A2F9-4CD4-8B6A-ABBCA9D15918}.Debug|Any CPU.Build.0 = Debug|Any CPU
		{D04D65AA-A2F9-4CD4-8B6A-ABBCA9D15918}.Release|Any CPU.ActiveCfg = Release|Any CPU
		{D04D65AA-A2F9-4CD4-8B6A-ABBCA9D15918}.Release|Any CPU.Build.0 = Release|Any CPU
		{B2448DE0-F5EC-461E-9A64-7886A64C6994}.Debug|Any CPU.ActiveCfg = Debug|Any CPU
		{B2448DE0-F5EC-461E-9A64-7886A64C6994}.Debug|Any CPU.Build.0 = Debug|Any CPU
		{B2448DE0-F5EC-461E-9A64-7886A64C6994}.Release|Any CPU.ActiveCfg = Release|Any CPU
		{B2448DE0-F5EC-461E-9A64-7886A64C6994}.Release|Any CPU.Build.0 = Release|Any CPU
		{372AFE61-E81F-483D-A653-79B5EA421B4A}.Debug|Any CPU.ActiveCfg = Debug|Any CPU
		{372AFE61-E81F-483D-A653-79B5EA421B4A}.Debug|Any CPU.Build.0 = Debug|Any CPU
		{372AFE61-E81F-483D-A653-79B5EA421B4A}.Release|Any CPU.ActiveCfg = Release|Any CPU
		{372AFE61-E81F-483D-A653-79B5EA421B4A}.Release|Any CPU.Build.0 = Release|Any CPU
	EndGlobalSection
	GlobalSection(SolutionProperties) = preSolution
		HideSolutionNode = FALSE
	EndGlobalSection
	GlobalSection(ExtensibilityGlobals) = postSolution
		SolutionGuid = {1278A825-D2E5-4C2B-B531-C8D6AEC240D9}
	EndGlobalSection
EndGlobal
